// generated by milpa; reproducible build snapshot
version 1
strategy "maxver"

dep "kdl" {
    identity "sha256:e2d649b162ffca2d112e818c6821e064e9a7ff47ec70010209404b30a8f5be4a"
    version "0.0.1"
    src_dir "src"
    requires
    provenance {
        kind "git"
        url "ssh://git@github.com/coreyleavitt/nimkdl.git"
        ref "main"
        commit_sha "52fce191ed535eb817788c5444d19f66a768e12b"
    }
}
