// generated by milpa; reproducible build snapshot
version 1
strategy "maxver"

dep "nimcrypto" {
    identity "sha256:03ace9e6188964bae4d2408275f472603cf862a6fc0ce7ac2c1d213e10047590"
    version "0.0.1"
    src_dir ""
    requires
    provenance {
        kind "git"
        url "https://github.com/cheatfate/nimcrypto.git"
        ref "master"
        commit_sha "423ea4fed8de6f4544b7e3b30d868f527ed3b947"
    }
}

dep "nkdl" {
    identity "sha256:c8ee4804c71d404260926fc44c4a2555e9af701e64d80b41dfd59afa7ca217c0"
    version "0.0.1"
    src_dir "src"
    requires
    provenance {
        kind "git"
        url "ssh://git@github.com/coreyleavitt/nkdl.git"
        ref "main"
        commit_sha "f3ce655254e6bdeba9c215e4a88fe39703eac11e"
    }
}
